
Microsoft Visual Studio Solution File, Format Version 12.00
# Visual Studio 15
VisualStudioVersion = 15.0.26124.0
MinimumVisualStudioVersion = 15.0.26124.0
Project("{FAE04EC0-301F-11D3-BF4B-00C04F79EFBC}") = "PaymentContext.Domain", "PaymentContext.Domain\PaymentContext.Domain.csproj", "{F6AF3E61-8BA0-4E57-9F64-BD8C52C729CE}"
EndProject
Project("{FAE04EC0-301F-11D3-BF4B-00C04F79EFBC}") = "PaymentContext.Shared", "PaymentContext.Shared\PaymentContext.Shared.csproj", "{BC8E3D3F-8B90-4B7E-8584-B5E57764769F}"
EndProject
Project("{FAE04EC0-301F-11D3-BF4B-00C04F79EFBC}") = "PaymentContext.Tests", "PaymentContext.Tests\PaymentContext.Tests.csproj", "{36B9E795-2202-4DD3-A2CE-4D464A469094}"
EndProject
Global
	GlobalSection(SolutionConfigurationPlatforms) = preSolution
		Debug|Any CPU = Debug|Any CPU
		Debug|x64 = Debug|x64
		Debug|x86 = Debug|x86
		Release|Any CPU = Release|Any CPU
		Release|x64 = Release|x64
		Release|x86 = Release|x86
	EndGlobalSection
	GlobalSection(SolutionProperties) = preSolution
		HideSolutionNode = FALSE
	EndGlobalSection
	GlobalSection(ProjectConfigurationPlatforms) = postSolution
		{F6AF3E61-8BA0-4E57-9F64-BD8C52C729CE}.Debug|Any CPU.ActiveCfg = Debug|Any CPU
		{F6AF3E61-8BA0-4E57-9F64-BD8C52C729CE}.Debug|Any CPU.Build.0 = Debug|Any CPU
		{F6AF3E61-8BA0-4E57-9F64-BD8C52C729CE}.Debug|x64.ActiveCfg = Debug|Any CPU
		{F6AF3E61-8BA0-4E57-9F64-BD8C52C729CE}.Debug|x64.Build.0 = Debug|Any CPU
		{F6AF3E61-8BA0-4E57-9F64-BD8C52C729CE}.Debug|x86.ActiveCfg = Debug|Any CPU
		{F6AF3E61-8BA0-4E57-9F64-BD8C52C729CE}.Debug|x86.Build.0 = Debug|Any CPU
		{F6AF3E61-8BA0-4E57-9F64-BD8C52C729CE}.Release|Any CPU.ActiveCfg = Release|Any CPU
		{F6AF3E61-8BA0-4E57-9F64-BD8C52C729CE}.Release|Any CPU.Build.0 = Release|Any CPU
		{F6AF3E61-8BA0-4E57-9F64-BD8C52C729CE}.Release|x64.ActiveCfg = Release|Any CPU
		{F6AF3E61-8BA0-4E57-9F64-BD8C52C729CE}.Release|x64.Build.0 = Release|Any CPU
		{F6AF3E61-8BA0-4E57-9F64-BD8C52C729CE}.Release|x86.ActiveCfg = Release|Any CPU
		{F6AF3E61-8BA0-4E57-9F64-BD8C52C729CE}.Release|x86.Build.0 = Release|Any CPU
		{BC8E3D3F-8B90-4B7E-8584-B5E57764769F}.Debug|Any CPU.ActiveCfg = Debug|Any CPU
		{BC8E3D3F-8B90-4B7E-8584-B5E57764769F}.Debug|Any CPU.Build.0 = Debug|Any CPU
		{BC8E3D3F-8B90-4B7E-8584-B5E57764769F}.Debug|x64.ActiveCfg = Debug|Any CPU
		{BC8E3D3F-8B90-4B7E-8584-B5E57764769F}.Debug|x64.Build.0 = Debug|Any CPU
		{BC8E3D3F-8B90-4B7E-8584-B5E57764769F}.Debug|x86.ActiveCfg = Debug|Any CPU
		{BC8E3D3F-8B90-4B7E-8584-B5E57764769F}.Debug|x86.Build.0 = Debug|Any CPU
		{BC8E3D3F-8B90-4B7E-8584-B5E57764769F}.Release|Any CPU.ActiveCfg = Release|Any CPU
		{BC8E3D3F-8B90-4B7E-8584-B5E57764769F}.Release|Any CPU.Build.0 = Release|Any CPU
		{BC8E3D3F-8B90-4B7E-8584-B5E57764769F}.Release|x64.ActiveCfg = Release|Any CPU
		{BC8E3D3F-8B90-4B7E-8584-B5E57764769F}.Release|x64.Build.0 = Release|Any CPU
		{BC8E3D3F-8B90-4B7E-8584-B5E57764769F}.Release|x86.ActiveCfg = Release|Any CPU
		{BC8E3D3F-8B90-4B7E-8584-B5E57764769F}.Release|x86.Build.0 = Release|Any CPU
		{36B9E795-2202-4DD3-A2CE-4D464A469094}.Debug|Any CPU.ActiveCfg = Debug|Any CPU
		{36B9E795-2202-4DD3-A2CE-4D464A469094}.Debug|Any CPU.Build.0 = Debug|Any CPU
		{36B9E795-2202-4DD3-A2CE-4D464A469094}.Debug|x64.ActiveCfg = Debug|Any CPU
		{36B9E795-2202-4DD3-A2CE-4D464A469094}.Debug|x64.Build.0 = Debug|Any CPU
		{36B9E795-2202-4DD3-A2CE-4D464A469094}.Debug|x86.ActiveCfg = Debug|Any CPU
		{36B9E795-2202-4DD3-A2CE-4D464A469094}.Debug|x86.Build.0 = Debug|Any CPU
		{36B9E795-2202-4DD3-A2CE-4D464A469094}.Release|Any CPU.ActiveCfg = Release|Any CPU
		{36B9E795-2202-4DD3-A2CE-4D464A469094}.Release|Any CPU.Build.0 = Release|Any CPU
		{36B9E795-2202-4DD3-A2CE-4D464A469094}.Release|x64.ActiveCfg = Release|Any CPU
		{36B9E795-2202-4DD3-A2CE-4D464A469094}.Release|x64.Build.0 = Release|Any CPU
		{36B9E795-2202-4DD3-A2CE-4D464A469094}.Release|x86.ActiveCfg = Release|Any CPU
		{36B9E795-2202-4DD3-A2CE-4D464A469094}.Release|x86.Build.0 = Release|Any CPU
	EndGlobalSection
EndGlobal
